// !$*UTF8*$!
{
	archiveVersion = 1;
	classes = {
	};
	objectVersion = 77;
	objects = {

/* Begin PBXBuildFile section */
		8701E2E42E37A1AE00923C96 /* Alamofire in Frameworks */ = {isa = PBXBuildFile; productRef = 8701E2E32E37A1AE00923C96 /* Alamofire */; };
/* End PBXBuildFile section */

/* Begin PBXContainerItemProxy section */
		8701E2A82E37A0D000923C96 /* PBXContainerItemProxy */ = {
			isa = PBXContainerItemProxy;
			containerPortal = 8701E2922E37A0CE00923C96 /* Project object */;
			proxyType = 1;
			remoteGlobalIDString = 8701E2992E37A0CE00923C96;
			remoteInfo = UserExplorer;
		};
		8701E2B22E37A0D000923C96 /* PBXContainerItemProxy */ = {
			isa = PBXContainerItemProxy;
			containerPortal = 8701E2922E37A0CE00923C96 /* Project object */;
			proxyType = 1;
			remoteGlobalIDString = 8701E2992E37A0CE00923C96;
			remoteInfo = UserExplorer;
		};
/* End PBXContainerItemProxy section */

/* Begin PBXFileReference section */
		8701E29A2E37A0CE00923C96 /* UserExplorer.app */ = {isa = PBXFileReference; explicitFileType = wrapper.application; includeInIndex = 0; path = UserExplorer.app; sourceTree = BUILT_PRODUCTS_DIR; };
		8701E2A72E37A0D000923C96 /* UserExplorerTests.xctest */ = {isa = PBXFileReference; explicitFileType = wrapper.cfbundle; includeInIndex = 0; path = UserExplorerTests.xctest; sourceTree = BUILT_PRODUCTS_DIR; };
		8701E2B12E37A0D000923C96 /* UserExplorerUITests.xctest */ = {isa = PBXFileReference; explicitFileType = wrapper.cfbundle; includeInIndex = 0; path = UserExplorerUITests.xctest; sourceTree = BUILT_PRODUCTS_DIR; };
/* End PBXFileReference section */

/* Begin PBXFileSystemSynchronizedRootGroup section */
		8701E29C2E37A0CE00923C96 /* UserExplorer */ = {
			isa = PBXFileSystemSynchronizedRootGroup;
			path = UserExplorer;
			sourceTree = "<group>";
		};
		8701E2AA2E37A0D000923C96 /* UserExplorerTests */ = {
			isa = PBXFileSystemSynchronizedRootGroup;
			path = UserExplorerTests;
			sourceTree = "<group>";
		};
		8701E2B42E37A0D000923C96 /* UserExplorerUITests */ = {
			isa = PBXFileSystemSynchronizedRootGroup;
			path = UserExplorerUITests;
			sourceTree = "<group>";
		};
/* End PBXFileSystemSynchronizedRootGroup section */

/* Begin PBXFrameworksBuildPhase section */
		8701E2972E37A0CE00923C96 /* Frameworks */ = {
			isa = PBXFrameworksBuildPhase;
			buildActionMask = 2147483647;
			files = (
				8701E2E42E37A1AE00923C96 /* Alamofire in Frameworks */,
			);
			runOnlyForDeploymentPostprocessing = 0;
		};
		8701E2A42E37A0D000923C96 /* Frameworks */ = {
			isa = PBXFrameworksBuildPhase;
			buildActionMask = 2147483647;
			files = (
			);
			runOnlyForDeploymentPostprocessing = 0;
		};
		8701E2AE2E37A0D000923C96 /* Frameworks */ = {
			isa = PBXFrameworksBuildPhase;
			buildActionMask = 2147483647;
			files = (
			);
			runOnlyForDeploymentPostprocessing = 0;
		};
/* End PBXFrameworksBuildPhase section */

/* Begin PBXGroup section */
		8701E2912E37A0CE00923C96 = {
			isa = PBXGroup;
			children = (
				8701E29C2E37A0CE00923C96 /* UserExplorer */,
				8701E2AA2E37A0D000923C96 /* UserExplorerTests */,
				8701E2B42E37A0D000923C96 /* UserExplorerUITests */,
				8701E29B2E37A0CE00923C96 /* Products */,
			);
			sourceTree = "<group>";
		};
		8701E29B2E37A0CE00923C96 /* Products */ = {
			isa = PBXGroup;
			children = (
				8701E29A2E37A0CE00923C96 /* UserExplorer.app */,
				8701E2A72E37A0D000923C96 /* UserExplorerTests.xctest */,
				8701E2B12E37A0D000923C96 /* UserExplorerUITests.xctest */,
			);
			name = Products;
			sourceTree = "<group>";
		};
/* End PBXGroup section */

/* Begin PBXNativeTarget section */
		8701E2992E37A0CE00923C96 /* UserExplorer */ = {
			isa = PBXNativeTarget;
			buildConfigurationList = 8701E2BB2E37A0D000923C96 /* Build configuration list for PBXNativeTarget "UserExplorer" */;
			buildPhases = (
				8701E2962E37A0CE00923C96 /* Sources */,
				8701E2972E37A0CE00923C96 /* Frameworks */,
				8701E2982E37A0CE00923C96 /* Resources */,
			);
			buildRules = (
			);
			dependencies = (
			);
			fileSystemSynchronizedGroups = (
				8701E29C2E37A0CE00923C96 /* UserExplorer */,
			);
			name = UserExplorer;
			packageProductDependencies = (
				8701E2E32E37A1AE00923C96 /* Alamofire */,
			);
			productName = UserExplorer;
			productReference = 8701E29A2E37A0CE00923C96 /* UserExplorer.app */;
			productType = "com.apple.product-type.application";
		};
		8701E2A62E37A0D000923C96 /* UserExplorerTests */ = {
			isa = PBXNativeTarget;
			buildConfigurationList = 8701E2BE2E37A0D000923C96 /* Build configuration list for PBXNativeTarget "UserExplorerTests" */;
			buildPhases = (
				8701E2A32E37A0D000923C96 /* Sources */,
				8701E2A42E37A0D000923C96 /* Frameworks */,
				8701E2A52E37A0D000923C96 /* Resources */,
			);
			buildRules = (
			);
			dependencies = (
				8701E2A92E37A0D000923C96 /* PBXTargetDependency */,
			);
			fileSystemSynchronizedGroups = (
				8701E2AA2E37A0D000923C96 /* UserExplorerTests */,
			);
			name = UserExplorerTests;
			packageProductDependencies = (
			);
			productName = UserExplorerTests;
			productReference = 8701E2A72E37A0D000923C96 /* UserExplorerTests.xctest */;
			productType = "com.apple.product-type.bundle.unit-test";
		};
		8701E2B02E37A0D000923C96 /* UserExplorerUITests */ = {
			isa = PBXNativeTarget;
			buildConfigurationList = 8701E2C12E37A0D000923C96 /* Build configuration list for PBXNativeTarget "UserExplorerUITests" */;
			buildPhases = (
				8701E2AD2E37A0D000923C96 /* Sources */,
				8701E2AE2E37A0D000923C96 /* Frameworks */,
				8701E2AF2E37A0D000923C96 /* Resources */,
			);
			buildRules = (
			);
			dependencies = (
				8701E2B32E37A0D000923C96 /* PBXTargetDependency */,
			);
			fileSystemSynchronizedGroups = (
				8701E2B42E37A0D000923C96 /* UserExplorerUITests */,
			);
			name = UserExplorerUITests;
			packageProductDependencies = (
			);
			productName = UserExplorerUITests;
			productReference = 8701E2B12E37A0D000923C96 /* UserExplorerUITests.xctest */;
			productType = "com.apple.product-type.bundle.ui-testing";
		};
/* End PBXNativeTarget section */

/* Begin PBXProject section */
		8701E2922E37A0CE00923C96 /* Project object */ = {
			isa = PBXProject;
			attributes = {
				BuildIndependentTargetsInParallel = 1;
				LastSwiftUpdateCheck = 1640;
				LastUpgradeCheck = 1640;
				TargetAttributes = {
					8701E2992E37A0CE00923C96 = {
						CreatedOnToolsVersion = 16.4;
					};
					8701E2A62E37A0D000923C96 = {
						CreatedOnToolsVersion = 16.4;
						TestTargetID = 8701E2992E37A0CE00923C96;
					};
					8701E2B02E37A0D000923C96 = {
						CreatedOnToolsVersion = 16.4;
						TestTargetID = 8701E2992E37A0CE00923C96;
					};
				};
			};
			buildConfigurationList = 8701E2952E37A0CE00923C96 /* Build configuration list for PBXProject "UserExplorer" */;
			developmentRegion = en;
			hasScannedForEncodings = 0;
			knownRegions = (
				en,
				Base,
			);
			mainGroup = 8701E2912E37A0CE00923C96;
			minimizedProjectReferenceProxies = 1;
			packageReferences = (
				8701E2E22E37A1AE00923C96 /* XCRemoteSwiftPackageReference "Alamofire" */,
			);
			preferredProjectObjectVersion = 77;
			productRefGroup = 8701E29B2E37A0CE00923C96 /* Products */;
			projectDirPath = "";
			projectRoot = "";
			targets = (
				8701E2992E37A0CE00923C96 /* UserExplorer */,
				8701E2A62E37A0D000923C96 /* UserExplorerTests */,
				8701E2B02E37A0D000923C96 /* UserExplorerUITests */,
			);
		};
/* End PBXProject section */

/* Begin PBXResourcesBuildPhase section */
		8701E2982E37A0CE00923C96 /* Resources */ = {
			isa = PBXResourcesBuildPhase;
			buildActionMask = 2147483647;
			files = (
			);
			runOnlyForDeploymentPostprocessing = 0;
		};
		8701E2A52E37A0D000923C96 /* Resources */ = {
			isa = PBXResourcesBuildPhase;
			buildActionMask = 2147483647;
			files = (
			);
			runOnlyForDeploymentPostprocessing = 0;
		};
		8701E2AF2E37A0D000923C96 /* Resources */ = {
			isa = PBXResourcesBuildPhase;
			buildActionMask = 2147483647;
			files = (
			);
			runOnlyForDeploymentPostprocessing = 0;
		};
/* End PBXResourcesBuildPhase section */

/* Begin PBXSourcesBuildPhase section */
		8701E2962E37A0CE00923C96 /* Sources */ = {
			isa = PBXSourcesBuildPhase;
			buildActionMask = 2147483647;
			files = (
			);
			runOnlyForDeploymentPostprocessing = 0;
		};
		8701E2A32E37A0D000923C96 /* Sources */ = {
			isa = PBXSourcesBuildPhase;
			buildActionMask = 2147483647;
			files = (
			);
			runOnlyForDeploymentPostprocessing = 0;
		};
		8701E2AD2E37A0D000923C96 /* Sources */ = {
			isa = PBXSourcesBuildPhase;
			buildActionMask = 2147483647;
			files = (
			);
			runOnlyForDeploymentPostprocessing = 0;
		};
/* End PBXSourcesBuildPhase section */

/* Begin PBXTargetDependency section */
		8701E2A92E37A0D000923C96 /* PBXTargetDependency */ = {
			isa = PBXTargetDependency;
			target = 8701E2992E37A0CE00923C96 /* UserExplorer */;
			targetProxy = 8701E2A82E37A0D000923C96 /* PBXContainerItemProxy */;
		};
		8701E2B32E37A0D000923C96 /* PBXTargetDependency */ = {
			isa = PBXTargetDependency;
			target = 8701E2992E37A0CE00923C96 /* UserExplorer */;
			targetProxy = 8701E2B22E37A0D000923C96 /* PBXContainerItemProxy */;
		};
/* End PBXTargetDependency section */

/* Begin XCBuildConfiguration section */
		8701E2B92E37A0D000923C96 /* Debug */ = {
			isa = XCBuildConfiguration;
			buildSettings = {
				ALWAYS_SEARCH_USER_PATHS = NO;
				ASSETCATALOG_COMPILER_GENERATE_SWIFT_ASSET_SYMBOL_EXTENSIONS = YES;
				CLANG_ANALYZER_NONNULL = YES;
				CLANG_ANALYZER_NUMBER_OBJECT_CONVERSION = YES_AGGRESSIVE;
				CLANG_CXX_LANGUAGE_STANDARD = "gnu++20";
				CLANG_ENABLE_MODULES = YES;
				CLANG_ENABLE_OBJC_ARC = YES;
				CLANG_ENABLE_OBJC_WEAK = YES;
				CLANG_WARN_BLOCK_CAPTURE_AUTORELEASING = YES;
				CLANG_WARN_BOOL_CONVERSION = YES;
				CLANG_WARN_COMMA = YES;
				CLANG_WARN_CONSTANT_CONVERSION = YES;
				CLANG_WARN_DEPRECATED_OBJC_IMPLEMENTATIONS = YES;
				CLANG_WARN_DIRECT_OBJC_ISA_USAGE = YES_ERROR;
				CLANG_WARN_DOCUMENTATION_COMMENTS = YES;
				CLANG_WARN_EMPTY_BODY = YES;
				CLANG_WARN_ENUM_CONVERSION = YES;
				CLANG_WARN_INFINITE_RECURSION = YES;
				CLANG_WARN_INT_CONVERSION = YES;
				CLANG_WARN_NON_LITERAL_NULL_CONVERSION = YES;
				CLANG_WARN_OBJC_IMPLICIT_RETAIN_SELF = YES;
				CLANG_WARN_OBJC_LITERAL_CONVERSION = YES;
				CLANG_WARN_OBJC_ROOT_CLASS = YES_ERROR;
				CLANG_WARN_QUOTED_INCLUDE_IN_FRAMEWORK_HEADER = YES;
				CLANG_WARN_RANGE_LOOP_ANALYSIS = YES;
				CLANG_WARN_STRICT_PROTOTYPES = YES;
				CLANG_WARN_SUSPICIOUS_MOVE = YES;
				CLANG_WARN_UNGUARDED_AVAILABILITY = YES_AGGRESSIVE;
				CLANG_WARN_UNREACHABLE_CODE = YES;
				CLANG_WARN__DUPLICATE_METHOD_MATCH = YES;
				COPY_PHASE_STRIP = NO;
				DEBUG_INFORMATION_FORMAT = dwarf;
				DEVELOPMENT_TEAM = FPSLD433CM;
				ENABLE_STRICT_OBJC_MSGSEND = YES;
				ENABLE_TESTABILITY = YES;
				ENABLE_USER_SCRIPT_SANDBOXING = YES;
				GCC_C_LANGUAGE_STANDARD = gnu17;
				GCC_DYNAMIC_NO_PIC = NO;
				GCC_NO_COMMON_BLOCKS = YES;
				GCC_OPTIMIZATION_LEVEL = 0;
				GCC_PREPROCESSOR_DEFINITIONS = (
					"DEBUG=1",
					"$(inherited)",
				);
				GCC_WARN_64_TO_32_BIT_CONVERSION = YES;
				GCC_WARN_ABOUT_RETURN_TYPE = YES_ERROR;
				GCC_WARN_UNDECLARED_SELECTOR = YES;
				GCC_WARN_UNINITIALIZED_AUTOS = YES_AGGRESSIVE;
				GCC_WARN_UNUSED_FUNCTION = YES;
				GCC_WARN_UNUSED_VARIABLE = YES;
				IPHONEOS_DEPLOYMENT_TARGET = 18.5;
				LOCALIZATION_PREFERS_STRING_CATALOGS = YES;
				MTL_ENABLE_DEBUG_INFO = INCLUDE_SOURCE;
				MTL_FAST_MATH = YES;
				ONLY_ACTIVE_ARCH = YES;
				SDKROOT = iphoneos;
				SWIFT_ACTIVE_COMPILATION_CONDITIONS = "DEBUG $(inherited)";
				SWIFT_OPTIMIZATION_LEVEL = "-Onone";
			};
			name = Debug;
		};
		8701E2BA2E37A0D000923C96 /* Release */ = {
			isa = XCBuildConfiguration;
			buildSettings = {
				ALWAYS_SEARCH_USER_PATHS = NO;
				ASSETCATALOG_COMPILER_GENERATE_SWIFT_ASSET_SYMBOL_EXTENSIONS = YES;
				CLANG_ANALYZER_NONNULL = YES;
				CLANG_ANALYZER_NUMBER_OBJECT_CONVERSION = YES_AGGRESSIVE;
				CLANG_CXX_LANGUAGE_STANDARD = "gnu++20";
				CLANG_ENABLE_MODULES = YES;
				CLANG_ENABLE_OBJC_ARC = YES;
				CLANG_ENABLE_OBJC_WEAK = YES;
				CLANG_WARN_BLOCK_CAPTURE_AUTORELEASING = YES;
				CLANG_WARN_BOOL_CONVERSION = YES;
				CLANG_WARN_COMMA = YES;
				CLANG_WARN_CONSTANT_CONVERSION = YES;
				CLANG_WARN_DEPRECATED_OBJC_IMPLEMENTATIONS = YES;
				CLANG_WARN_DIRECT_OBJC_ISA_USAGE = YES_ERROR;
				CLANG_WARN_DOCUMENTATION_COMMENTS = YES;
				CLANG_WARN_EMPTY_BODY = YES;
				CLANG_WARN_ENUM_CONVERSION = YES;
				CLANG_WARN_INFINITE_RECURSION = YES;
				CLANG_WARN_INT_CONVERSION = YES;
				CLANG_WARN_NON_LITERAL_NULL_CONVERSION = YES;
				CLANG_WARN_OBJC_IMPLICIT_RETAIN_SELF = YES;
				CLANG_WARN_OBJC_LITERAL_CONVERSION = YES;
				CLANG_WARN_OBJC_ROOT_CLASS = YES_ERROR;
				CLANG_WARN_QUOTED_INCLUDE_IN_FRAMEWORK_HEADER = YES;
				CLANG_WARN_RANGE_LOOP_ANALYSIS = YES;
				CLANG_WARN_STRICT_PROTOTYPES = YES;
				CLANG_WARN_SUSPICIOUS_MOVE = YES;
				CLANG_WARN_UNGUARDED_AVAILABILITY = YES_AGGRESSIVE;
				CLANG_WARN_UNREACHABLE_CODE = YES;
				CLANG_WARN__DUPLICATE_METHOD_MATCH = YES;
				COPY_PHASE_STRIP = NO;
				DEBUG_INFORMATION_FORMAT = "dwarf-with-dsym";
				DEVELOPMENT_TEAM = FPSLD433CM;
				ENABLE_NS_ASSERTIONS = NO;
				ENABLE_STRICT_OBJC_MSGSEND = YES;
				ENABLE_USER_SCRIPT_SANDBOXING = YES;
				GCC_C_LANGUAGE_STANDARD = gnu17;
				GCC_NO_COMMON_BLOCKS = YES;
				GCC_WARN_64_TO_32_BIT_CONVERSION = YES;
				GCC_WARN_ABOUT_RETURN_TYPE = YES_ERROR;
				GCC_WARN_UNDECLARED_SELECTOR = YES;
				GCC_WARN_UNINITIALIZED_AUTOS = YES_AGGRESSIVE;
				GCC_WARN_UNUSED_FUNCTION = YES;
				GCC_WARN_UNUSED_VARIABLE = YES;
				IPHONEOS_DEPLOYMENT_TARGET = 18.5;
				LOCALIZATION_PREFERS_STRING_CATALOGS = YES;
				MTL_ENABLE_DEBUG_INFO = NO;
				MTL_FAST_MATH = YES;
				SDKROOT = iphoneos;
				SWIFT_COMPILATION_MODE = wholemodule;
				VALIDATE_PRODUCT = YES;
			};
			name = Release;
		};
		8701E2BC2E37A0D000923C96 /* Debug */ = {
			isa = XCBuildConfiguration;
			buildSettings = {
				ASSETCATALOG_COMPILER_APPICON_NAME = AppIcon;
				ASSETCATALOG_COMPILER_GLOBAL_ACCENT_COLOR_NAME = AccentColor;
				CODE_SIGN_STYLE = Automatic;
				CURRENT_PROJECT_VERSION = 1;
				DEVELOPMENT_TEAM = FPSLD433CM;
				ENABLE_PREVIEWS = YES;
				GENERATE_INFOPLIST_FILE = YES;
				INFOPLIST_KEY_UIApplicationSceneManifest_Generation = YES;
				INFOPLIST_KEY_UIApplicationSupportsIndirectInputEvents = YES;
				INFOPLIST_KEY_UILaunchScreen_Generation = YES;
				INFOPLIST_KEY_UISupportedInterfaceOrientations_iPad = "UIInterfaceOrientationPortrait UIInterfaceOrientationPortraitUpsideDown UIInterfaceOrientationLandscapeLeft UIInterfaceOrientationLandscapeRight";
				INFOPLIST_KEY_UISupportedInterfaceOrientations_iPhone = "UIInterfaceOrientationPortrait UIInterfaceOrientationLandscapeLeft UIInterfaceOrientationLandscapeRight";
				LD_RUNPATH_SEARCH_PATHS = (
					"$(inherited)",
					"@executable_path/Frameworks",
				);
				MARKETING_VERSION = 1.0;
				PRODUCT_BUNDLE_IDENTIFIER = com.Banglalink.UserExplorer;
				PRODUCT_NAME = "$(TARGET_NAME)";
				SWIFT_EMIT_LOC_STRINGS = YES;
				SWIFT_VERSION = 5.0;
				TARGETED_DEVICE_FAMILY = "1,2";
			};
			name = Debug;
		};
		8701E2BD2E37A0D000923C96 /* Release */ = {
			isa = XCBuildConfiguration;
			buildSettings = {
				ASSETCATALOG_COMPILER_APPICON_NAME = AppIcon;
				ASSETCATALOG_COMPILER_GLOBAL_ACCENT_COLOR_NAME = AccentColor;
				CODE_SIGN_STYLE = Automatic;
				CURRENT_PROJECT_VERSION = 1;
				DEVELOPMENT_TEAM = FPSLD433CM;
				ENABLE_PREVIEWS = YES;
				GENERATE_INFOPLIST_FILE = YES;
				INFOPLIST_KEY_UIApplicationSceneManifest_Generation = YES;
				INFOPLIST_KEY_UIApplicationSupportsIndirectInputEvents = YES;
				INFOPLIST_KEY_UILaunchScreen_Generation = YES;
				INFOPLIST_KEY_UISupportedInterfaceOrientations_iPad = "UIInterfaceOrientationPortrait UIInterfaceOrientationPortraitUpsideDown UIInterfaceOrientationLandscapeLeft UIInterfaceOrientationLandscapeRight";
				INFOPLIST_KEY_UISupportedInterfaceOrientations_iPhone = "UIInterfaceOrientationPortrait UIInterfaceOrientationLandscapeLeft UIInterfaceOrientationLandscapeRight";
				LD_RUNPATH_SEARCH_PATHS = (
					"$(inherited)",
					"@executable_path/Frameworks",
				);
				MARKETING_VERSION = 1.0;
				PRODUCT_BUNDLE_IDENTIFIER = com.Banglalink.UserExplorer;
				PRODUCT_NAME = "$(TARGET_NAME)";
				SWIFT_EMIT_LOC_STRINGS = YES;
				SWIFT_VERSION = 5.0;
				TARGETED_DEVICE_FAMILY = "1,2";
			};
			name = Release;
		};
		8701E2BF2E37A0D000923C96 /* Debug */ = {
			isa = XCBuildConfiguration;
			buildSettings = {
				BUNDLE_LOADER = "$(TEST_HOST)";
				CODE_SIGN_STYLE = Automatic;
				CURRENT_PROJECT_VERSION = 1;
				DEVELOPMENT_TEAM = FPSLD433CM;
				GENERATE_INFOPLIST_FILE = YES;
				IPHONEOS_DEPLOYMENT_TARGET = 18.5;
				MARKETING_VERSION = 1.0;
				PRODUCT_BUNDLE_IDENTIFIER = com.Banglalink.UserExplorerTests;
				PRODUCT_NAME = "$(TARGET_NAME)";
				SWIFT_EMIT_LOC_STRINGS = NO;
				SWIFT_VERSION = 5.0;
				TARGETED_DEVICE_FAMILY = "1,2";
				TEST_HOST = "$(BUILT_PRODUCTS_DIR)/UserExplorer.app/$(BUNDLE_EXECUTABLE_FOLDER_PATH)/UserExplorer";
			};
			name = Debug;
		};
		8701E2C02E37A0D000923C96 /* Release */ = {
			isa = XCBuildConfiguration;
			buildSettings = {
				BUNDLE_LOADER = "$(TEST_HOST)";
				CODE_SIGN_STYLE = Automatic;
				CURRENT_PROJECT_VERSION = 1;
				DEVELOPMENT_TEAM = FPSLD433CM;
				GENERATE_INFOPLIST_FILE = YES;
				IPHONEOS_DEPLOYMENT_TARGET = 18.5;
				MARKETING_VERSION = 1.0;
				PRODUCT_BUNDLE_IDENTIFIER = com.Banglalink.UserExplorerTests;
				PRODUCT_NAME = "$(TARGET_NAME)";
				SWIFT_EMIT_LOC_STRINGS = NO;
				SWIFT_VERSION = 5.0;
				TARGETED_DEVICE_FAMILY = "1,2";
				TEST_HOST = "$(BUILT_PRODUCTS_DIR)/UserExplorer.app/$(BUNDLE_EXECUTABLE_FOLDER_PATH)/UserExplorer";
			};
			name = Release;
		};
		8701E2C22E37A0D000923C96 /* Debug */ = {
			isa = XCBuildConfiguration;
			buildSettings = {
				CODE_SIGN_STYLE = Automatic;
				CURRENT_PROJECT_VERSION = 1;
				DEVELOPMENT_TEAM = FPSLD433CM;
				GENERATE_INFOPLIST_FILE = YES;
				MARKETING_VERSION = 1.0;
				PRODUCT_BUNDLE_IDENTIFIER = com.Banglalink.UserExplorerUITests;
				PRODUCT_NAME = "$(TARGET_NAME)";
				SWIFT_EMIT_LOC_STRINGS = NO;
				SWIFT_VERSION = 5.0;
				TARGETED_DEVICE_FAMILY = "1,2";
				TEST_TARGET_NAME = UserExplorer;
			};
			name = Debug;
		};
		8701E2C32E37A0D000923C96 /* Release */ = {
			isa = XCBuildConfiguration;
			buildSettings = {
				CODE_SIGN_STYLE = Automatic;
				CURRENT_PROJECT_VERSION = 1;
				DEVELOPMENT_TEAM = FPSLD433CM;
				GENERATE_INFOPLIST_FILE = YES;
				MARKETING_VERSION = 1.0;
				PRODUCT_BUNDLE_IDENTIFIER = com.Banglalink.UserExplorerUITests;
				PRODUCT_NAME = "$(TARGET_NAME)";
				SWIFT_EMIT_LOC_STRINGS = NO;
				SWIFT_VERSION = 5.0;
				TARGETED_DEVICE_FAMILY = "1,2";
				TEST_TARGET_NAME = UserExplorer;
			};
			name = Release;
		};
/* End XCBuildConfiguration section */

/* Begin XCConfigurationList section */
		8701E2952E37A0CE00923C96 /* Build configuration list for PBXProject "UserExplorer" */ = {
			isa = XCConfigurationList;
			buildConfigurations = (
				8701E2B92E37A0D000923C96 /* Debug */,
				8701E2BA2E37A0D000923C96 /* Release */,
			);
			defaultConfigurationIsVisible = 0;
			defaultConfigurationName = Release;
		};
		8701E2BB2E37A0D000923C96 /* Build configuration list for PBXNativeTarget "UserExplorer" */ = {
			isa = XCConfigurationList;
			buildConfigurations = (
				8701E2BC2E37A0D000923C96 /* Debug */,
				8701E2BD2E37A0D000923C96 /* Release */,
			);
			defaultConfigurationIsVisible = 0;
			defaultConfigurationName = Release;
		};
		8701E2BE2E37A0D000923C96 /* Build configuration list for PBXNativeTarget "UserExplorerTests" */ = {
			isa = XCConfigurationList;
			buildConfigurations = (
				8701E2BF2E37A0D000923C96 /* Debug */,
				8701E2C02E37A0D000923C96 /* Release */,
			);
			defaultConfigurationIsVisible = 0;
			defaultConfigurationName = Release;
		};
		8701E2C12E37A0D000923C96 /* Build configuration list for PBXNativeTarget "UserExplorerUITests" */ = {
			isa = XCConfigurationList;
			buildConfigurations = (
				8701E2C22E37A0D000923C96 /* Debug */,
				8701E2C32E37A0D000923C96 /* Release */,
			);
			defaultConfigurationIsVisible = 0;
			defaultConfigurationName = Release;
		};
/* End XCConfigurationList section */

/* Begin XCRemoteSwiftPackageReference section */
		8701E2E22E37A1AE00923C96 /* XCRemoteSwiftPackageReference "Alamofire" */ = {
			isa = XCRemoteSwiftPackageReference;
			repositoryURL = "https://github.com/Alamofire/Alamofire.git";
			requirement = {
				kind = upToNextMajorVersion;
				minimumVersion = 5.10.2;
			};
		};
/* End XCRemoteSwiftPackageReference section */

/* Begin XCSwiftPackageProductDependency section */
		8701E2E32E37A1AE00923C96 /* Alamofire */ = {
			isa = XCSwiftPackageProductDependency;
			package = 8701E2E22E37A1AE00923C96 /* XCRemoteSwiftPackageReference "Alamofire" */;
			productName = Alamofire;
		};
/* End XCSwiftPackageProductDependency section */
	};
	rootObject = 8701E2922E37A0CE00923C96 /* Project object */;
}
